{
    "name": "tfgs-web",
    "version": "1.0.0",
    "lockfileVersion": 2,
    "requires": true,
    "packages": {
        "": {
            "version": "1.0.0",
            "dependencies": {
                "@dracula/dracula-ui": "^0.7.6"
            },
            "devDependencies": {
                "@sveltejs/adapter-node": "^1.0.0-next.17",
                "@sveltejs/adapter-static": "^1.0.0-next.7",
                "@sveltejs/kit": "^1.0.0-next.94",
                "svelte": "^3.34.0",
                "vite": "^2.2.3"
            }
        },
        "node_modules/@dracula/dracula-ui": {
            "version": "0.7.6",
            "license": "SEE LICENSE IN LICENSE.md",
            "dependencies": {
                "classnames": "^2.2.6",
                "lodash": "^4.17.20",
                "lodash-es": "^4.17.21"
            },
            "engines": {
                "node": ">=10"
            },
            "peerDependencies": {
                "react": ">=16"
            }
        },
        "node_modules/@rollup/pluginutils": {
            "version": "4.1.0",
            "dev": true,
            "license": "MIT",
            "dependencies": {
                "estree-walker": "^2.0.1",
                "picomatch": "^2.2.2"
            },
            "engines": {
                "node": ">= 8.0.0"
            },
            "peerDependencies": {
                "rollup": "^1.20.0||^2.0.0"
            }
        },
        "node_modules/@sveltejs/adapter-node": {
            "version": "1.0.0-next.17",
            "dev": true
        },
        "node_modules/@sveltejs/adapter-static": {
            "version": "1.0.0-next.7",
            "dev": true
        },
        "node_modules/@sveltejs/kit": {
            "version": "1.0.0-next.94",
            "dev": true,
            "dependencies": {
                "@sveltejs/vite-plugin-svelte": "^1.0.0-next.9",
                "cheap-watch": "^1.0.3",
                "sade": "^1.7.4"
            },
            "bin": {
                "svelte-kit": "svelte-kit.js"
            },
            "engines": {
                "node": ">= 12.17.0"
            },
            "peerDependencies": {
                "svelte": "^3.32.1",
                "vite": "^2.2.3"
            }
        },
        "node_modules/@sveltejs/vite-plugin-svelte": {
            "version": "1.0.0-next.9",
            "dev": true,
            "license": "MIT",
            "dependencies": {
                "@rollup/pluginutils": "^4.1.0",
                "chalk": "^4.1.1",
                "debug": "^4.3.2",
                "hash-sum": "^2.0.0",
                "require-relative": "^0.8.7",
                "slash": "^4.0.0",
                "source-map": "^0.7.3",
                "svelte-hmr": "^0.14.2"
            },
            "engines": {
                "node": ">=12.0.0"
            },
            "peerDependencies": {
                "svelte": "^3.37.0",
                "vite": "^2.2.3"
            }
        },
        "node_modules/ansi-styles": {
            "version": "4.3.0",
            "dev": true,
            "license": "MIT",
            "dependencies": {
                "color-convert": "^2.0.1"
            },
            "engines": {
                "node": ">=8"
            },
            "funding": {
                "url": "https://github.com/chalk/ansi-styles?sponsor=1"
            }
        },
        "node_modules/chalk": {
            "version": "4.1.1",
            "dev": true,
            "license": "MIT",
            "dependencies": {
                "ansi-styles": "^4.1.0",
                "supports-color": "^7.1.0"
            },
            "engines": {
                "node": ">=10"
            },
            "funding": {
                "url": "https://github.com/chalk/chalk?sponsor=1"
            }
        },
        "node_modules/cheap-watch": {
            "version": "1.0.3",
            "dev": true,
            "license": "MIT",
            "engines": {
                "node": ">=8"
            }
        },
        "node_modules/classnames": {
            "version": "2.3.1",
            "license": "MIT"
        },
        "node_modules/color-convert": {
            "version": "2.0.1",
            "dev": true,
            "license": "MIT",
            "dependencies": {
                "color-name": "~1.1.4"
            },
            "engines": {
                "node": ">=7.0.0"
            }
        },
        "node_modules/color-name": {
            "version": "1.1.4",
            "dev": true,
            "license": "MIT"
        },
        "node_modules/colorette": {
            "version": "1.2.2",
            "dev": true,
            "license": "MIT"
        },
        "node_modules/debug": {
            "version": "4.3.2",
            "dev": true,
            "license": "MIT",
            "dependencies": {
                "ms": "2.1.2"
            },
            "engines": {
                "node": ">=6.0"
            },
            "peerDependenciesMeta": {
                "supports-color": {
                    "optional": true
                }
            }
        },
        "node_modules/esbuild": {
            "version": "0.9.7",
            "dev": true,
            "hasInstallScript": true,
            "license": "MIT",
            "bin": {
                "esbuild": "bin/esbuild"
            }
        },
        "node_modules/estree-walker": {
            "version": "2.0.2",
            "dev": true,
            "license": "MIT"
        },
        "node_modules/fsevents": {
            "version": "2.3.2",
            "dev": true,
            "license": "MIT",
            "optional": true,
            "os": [
                "darwin"
            ],
            "engines": {
                "node": "^8.16.0 || ^10.6.0 || >=11.0.0"
            }
        },
        "node_modules/function-bind": {
            "version": "1.1.1",
            "dev": true,
            "license": "MIT"
        },
        "node_modules/has": {
            "version": "1.0.3",
            "dev": true,
            "license": "MIT",
            "dependencies": {
                "function-bind": "^1.1.1"
            },
            "engines": {
                "node": ">= 0.4.0"
            }
        },
        "node_modules/has-flag": {
            "version": "4.0.0",
            "dev": true,
            "license": "MIT",
            "engines": {
                "node": ">=8"
            }
        },
        "node_modules/hash-sum": {
            "version": "2.0.0",
            "dev": true,
            "license": "MIT"
        },
        "node_modules/is-core-module": {
            "version": "2.3.0",
            "dev": true,
            "license": "MIT",
            "dependencies": {
                "has": "^1.0.3"
            },
            "funding": {
                "url": "https://github.com/sponsors/ljharb"
            }
        },
        "node_modules/js-tokens": {
            "version": "4.0.0",
            "license": "MIT",
            "peer": true
        },
        "node_modules/lodash": {
            "version": "4.17.21",
            "license": "MIT"
        },
        "node_modules/lodash-es": {
            "version": "4.17.21",
            "license": "MIT"
        },
        "node_modules/loose-envify": {
            "version": "1.4.0",
            "license": "MIT",
            "peer": true,
            "dependencies": {
                "js-tokens": "^3.0.0 || ^4.0.0"
            },
            "bin": {
                "loose-envify": "cli.js"
            }
        },
        "node_modules/mri": {
            "version": "1.1.6",
            "dev": true,
            "license": "MIT",
            "engines": {
                "node": ">=4"
            }
        },
        "node_modules/ms": {
            "version": "2.1.2",
            "dev": true,
            "license": "MIT"
        },
        "node_modules/nanoid": {
            "version": "3.1.22",
            "dev": true,
            "license": "MIT",
            "bin": {
                "nanoid": "bin/nanoid.cjs"
            },
            "engines": {
                "node": "^10 || ^12 || ^13.7 || ^14 || >=15.0.1"
            }
        },
        "node_modules/object-assign": {
            "version": "4.1.1",
            "license": "MIT",
            "peer": true,
            "engines": {
                "node": ">=0.10.0"
            }
        },
        "node_modules/path-parse": {
            "version": "1.0.6",
            "dev": true,
            "license": "MIT"
        },
        "node_modules/picomatch": {
            "version": "2.2.3",
            "dev": true,
            "license": "MIT",
            "engines": {
                "node": ">=8.6"
            },
            "funding": {
                "url": "https://github.com/sponsors/jonschlinkert"
            }
        },
        "node_modules/postcss": {
            "version": "8.2.13",
            "dev": true,
            "license": "MIT",
            "dependencies": {
                "colorette": "^1.2.2",
                "nanoid": "^3.1.22",
                "source-map": "^0.6.1"
            },
            "engines": {
                "node": "^10 || ^12 || >=14"
            },
            "funding": {
                "type": "opencollective",
                "url": "https://opencollective.com/postcss/"
            }
        },
        "node_modules/postcss/node_modules/source-map": {
            "version": "0.6.1",
            "dev": true,
            "license": "BSD-3-Clause",
            "engines": {
                "node": ">=0.10.0"
            }
        },
        "node_modules/react": {
            "version": "17.0.2",
            "license": "MIT",
            "peer": true,
            "dependencies": {
                "loose-envify": "^1.1.0",
                "object-assign": "^4.1.1"
            },
            "engines": {
                "node": ">=0.10.0"
            }
        },
        "node_modules/require-relative": {
            "version": "0.8.7",
            "dev": true,
            "license": "MIT"
        },
        "node_modules/resolve": {
            "version": "1.20.0",
            "dev": true,
            "license": "MIT",
            "dependencies": {
                "is-core-module": "^2.2.0",
                "path-parse": "^1.0.6"
            },
            "funding": {
                "url": "https://github.com/sponsors/ljharb"
            }
        },
        "node_modules/rollup": {
            "version": "2.46.0",
            "dev": true,
            "license": "MIT",
            "bin": {
                "rollup": "dist/bin/rollup"
            },
            "engines": {
                "node": ">=10.0.0"
            },
            "optionalDependencies": {
                "fsevents": "~2.3.1"
            }
        },
        "node_modules/sade": {
            "version": "1.7.4",
            "dev": true,
            "license": "MIT",
            "dependencies": {
                "mri": "^1.1.0"
            },
            "engines": {
                "node": ">= 6"
            }
        },
        "node_modules/slash": {
            "version": "4.0.0",
            "dev": true,
            "license": "MIT",
            "engines": {
                "node": ">=12"
            },
            "funding": {
                "url": "https://github.com/sponsors/sindresorhus"
            }
        },
        "node_modules/source-map": {
            "version": "0.7.3",
            "dev": true,
            "license": "BSD-3-Clause",
            "engines": {
                "node": ">= 8"
            }
        },
        "node_modules/supports-color": {
            "version": "7.2.0",
            "dev": true,
            "license": "MIT",
            "dependencies": {
                "has-flag": "^4.0.0"
            },
            "engines": {
                "node": ">=8"
            }
        },
        "node_modules/svelte": {
            "version": "3.38.1",
            "dev": true,
            "license": "MIT",
            "engines": {
                "node": ">= 8"
            }
        },
        "node_modules/svelte-hmr": {
            "version": "0.14.3",
            "dev": true,
            "license": "ISC",
            "peerDependencies": {
                "svelte": ">=3.19.0"
            }
        },
        "node_modules/vite": {
            "version": "2.2.3",
            "dev": true,
            "license": "MIT",
            "dependencies": {
                "esbuild": "^0.9.3",
                "postcss": "^8.2.1",
                "resolve": "^1.19.0",
                "rollup": "^2.38.5"
            },
            "bin": {
                "vite": "bin/vite.js"
            },
            "engines": {
                "node": ">=12.0.0"
            },
            "optionalDependencies": {
                "fsevents": "~2.3.1"
            }
        }
    },
    "dependencies": {
        "@dracula/dracula-ui": {
            "version": "0.7.6",
            "requires": {
                "classnames": "^2.2.6",
                "lodash": "^4.17.20",
                "lodash-es": "^4.17.21"
            }
        },
        "@rollup/pluginutils": {
            "version": "4.1.0",
            "dev": true,
            "requires": {
                "estree-walker": "^2.0.1",
                "picomatch": "^2.2.2"
            }
        },
        "@sveltejs/adapter-node": {
            "version": "1.0.0-next.17",
            "dev": true
        },
        "@sveltejs/adapter-static": {
            "version": "1.0.0-next.7",
            "dev": true
        },
        "@sveltejs/kit": {
            "version": "1.0.0-next.94",
            "dev": true,
            "requires": {
                "@sveltejs/vite-plugin-svelte": "^1.0.0-next.9",
                "cheap-watch": "^1.0.3",
                "sade": "^1.7.4"
            }
        },
        "@sveltejs/vite-plugin-svelte": {
            "version": "1.0.0-next.9",
            "dev": true,
            "requires": {
                "@rollup/pluginutils": "^4.1.0",
                "chalk": "^4.1.1",
                "debug": "^4.3.2",
                "hash-sum": "^2.0.0",
                "require-relative": "^0.8.7",
                "slash": "^4.0.0",
                "source-map": "^0.7.3",
                "svelte-hmr": "^0.14.2"
            }
        },
        "ansi-styles": {
            "version": "4.3.0",
            "dev": true,
            "requires": {
                "color-convert": "^2.0.1"
            }
        },
        "chalk": {
            "version": "4.1.1",
            "dev": true,
            "requires": {
                "ansi-styles": "^4.1.0",
                "supports-color": "^7.1.0"
            }
        },
        "cheap-watch": {
            "version": "1.0.3",
            "dev": true
        },
        "classnames": {
            "version": "2.3.1"
        },
        "color-convert": {
            "version": "2.0.1",
            "dev": true,
            "requires": {
                "color-name": "~1.1.4"
            }
        },
        "color-name": {
            "version": "1.1.4",
            "dev": true
        },
        "colorette": {
            "version": "1.2.2",
            "dev": true
        },
        "debug": {
            "version": "4.3.2",
            "dev": true,
            "requires": {
                "ms": "2.1.2"
            }
        },
        "esbuild": {
            "version": "0.9.7",
            "dev": true
        },
        "estree-walker": {
            "version": "2.0.2",
            "dev": true
        },
        "fsevents": {
            "version": "2.3.2",
            "dev": true,
            "optional": true
        },
        "function-bind": {
            "version": "1.1.1",
            "dev": true
        },
        "has": {
            "version": "1.0.3",
            "dev": true,
            "requires": {
                "function-bind": "^1.1.1"
            }
        },
        "has-flag": {
            "version": "4.0.0",
            "dev": true
        },
        "hash-sum": {
            "version": "2.0.0",
            "dev": true
        },
        "is-core-module": {
            "version": "2.3.0",
            "dev": true,
            "requires": {
                "has": "^1.0.3"
            }
        },
        "js-tokens": {
            "version": "4.0.0",
            "peer": true
        },
        "lodash": {
            "version": "4.17.21"
        },
        "lodash-es": {
            "version": "4.17.21"
        },
        "loose-envify": {
            "version": "1.4.0",
            "peer": true,
            "requires": {
                "js-tokens": "^3.0.0 || ^4.0.0"
            }
        },
        "mri": {
            "version": "1.1.6",
            "dev": true
        },
        "ms": {
            "version": "2.1.2",
            "dev": true
        },
        "nanoid": {
            "version": "3.1.22",
            "dev": true
        },
        "object-assign": {
            "version": "4.1.1",
            "peer": true
        },
        "path-parse": {
            "version": "1.0.6",
            "dev": true
        },
        "picomatch": {
            "version": "2.2.3",
            "dev": true
        },
        "postcss": {
            "version": "8.2.13",
            "dev": true,
            "requires": {
                "colorette": "^1.2.2",
                "nanoid": "^3.1.22",
                "source-map": "^0.6.1"
            },
            "dependencies": {
                "source-map": {
                    "version": "0.6.1",
                    "dev": true
                }
            }
        },
        "react": {
            "version": "17.0.2",
            "peer": true,
            "requires": {
                "loose-envify": "^1.1.0",
                "object-assign": "^4.1.1"
            }
        },
        "require-relative": {
            "version": "0.8.7",
            "dev": true
        },
        "resolve": {
            "version": "1.20.0",
            "dev": true,
            "requires": {
                "is-core-module": "^2.2.0",
                "path-parse": "^1.0.6"
            }
        },
        "rollup": {
            "version": "2.46.0",
            "dev": true,
            "requires": {
                "fsevents": "~2.3.1"
            }
        },
        "sade": {
            "version": "1.7.4",
            "dev": true,
            "requires": {
                "mri": "^1.1.0"
            }
        },
        "slash": {
            "version": "4.0.0",
            "dev": true
        },
        "source-map": {
            "version": "0.7.3",
            "dev": true
        },
        "supports-color": {
            "version": "7.2.0",
            "dev": true,
            "requires": {
                "has-flag": "^4.0.0"
            }
        },
        "svelte": {
            "version": "3.38.1",
            "dev": true
        },
        "svelte-hmr": {
            "version": "0.14.3",
            "dev": true,
            "requires": {}
        },
        "vite": {
            "version": "2.2.3",
            "dev": true,
            "requires": {
                "esbuild": "^0.9.3",
                "fsevents": "~2.3.1",
                "postcss": "^8.2.1",
                "resolve": "^1.19.0",
                "rollup": "^2.38.5"
            }
        }
    }
}
